
Microsoft Visual Studio Solution File, Format Version 12.00
# Visual Studio Version 17
VisualStudioVersion = 17.9.34607.119
MinimumVisualStudioVersion = 10.0.40219.1
Project("{FAE04EC0-301F-11D3-BF4B-00C04F79EFBC}") = "Executioner", "Executioner\Executioner.csproj", "{A09CAAA7-C72D-424B-8691-E04D56B2C060}"
EndProject
Global
	GlobalSection(SolutionConfigurationPlatforms) = preSolution
		Debug|Any CPU = Debug|Any CPU
		Release|Any CPU = Release|Any CPU
	EndGlobalSection
	GlobalSection(ProjectConfigurationPlatforms) = postSolution
		{A09CAAA7-C72D-424B-8691-E04D56B2C060}.Debug|Any CPU.ActiveCfg = Debug|Any CPU
		{A09CAAA7-C72D-424B-8691-E04D56B2C060}.Debug|Any CPU.Build.0 = Debug|Any CPU
		{A09CAAA7-C72D-424B-8691-E04D56B2C060}.Release|Any CPU.ActiveCfg = Release|Any CPU
		{A09CAAA7-C72D-424B-8691-E04D56B2C060}.Release|Any CPU.Build.0 = Release|Any CPU
	EndGlobalSection
	GlobalSection(SolutionProperties) = preSolution
		HideSolutionNode = FALSE
	EndGlobalSection
	GlobalSection(ExtensibilityGlobals) = postSolution
		SolutionGuid = {36353578-2FA7-4AC2-878E-0C5632558DFA}
	EndGlobalSection
EndGlobal
